// !$*UTF8*$!
{
	archiveVersion = 1;
	classes = {
	};
	objectVersion = 50;
	objects = {

/* Begin PBXBuildFile section */
		3F15AEF1268C704D0090574D /* SkillVC.swift in Sources */ = {isa = PBXBuildFile; fileRef = 3F15AEF0268C704D0090574D /* SkillVC.swift */; };
		3F15AEF4268C70A80090574D /* LeagueVC.swift in Sources */ = {isa = PBXBuildFile; fileRef = 3F15AEF3268C70A80090574D /* LeagueVC.swift */; };
		3F15AEF7268C94F40090574D /* Player.swift in Sources */ = {isa = PBXBuildFile; fileRef = 3F15AEF6268C94F40090574D /* Player.swift */; };
		3F4A1A55268C0FDA00286905 /* AppDelegate.swift in Sources */ = {isa = PBXBuildFile; fileRef = 3F4A1A54268C0FDA00286905 /* AppDelegate.swift */; };
		3F4A1A57268C0FDA00286905 /* SceneDelegate.swift in Sources */ = {isa = PBXBuildFile; fileRef = 3F4A1A56268C0FDA00286905 /* SceneDelegate.swift */; };
		3F4A1A59268C0FDA00286905 /* welcomeVC.swift in Sources */ = {isa = PBXBuildFile; fileRef = 3F4A1A58268C0FDA00286905 /* welcomeVC.swift */; };
		3F4A1A5C268C0FDA00286905 /* Main.storyboard in Resources */ = {isa = PBXBuildFile; fileRef = 3F4A1A5A268C0FDA00286905 /* Main.storyboard */; };
		3F4A1A5E268C0FE400286905 /* Assets.xcassets in Resources */ = {isa = PBXBuildFile; fileRef = 3F4A1A5D268C0FE400286905 /* Assets.xcassets */; };
		3F4A1A61268C0FE400286905 /* LaunchScreen.storyboard in Resources */ = {isa = PBXBuildFile; fileRef = 3F4A1A5F268C0FE400286905 /* LaunchScreen.storyboard */; };
		3F4A1A6C268C179300286905 /* BorderButton.swift in Sources */ = {isa = PBXBuildFile; fileRef = 3F4A1A6B268C179300286905 /* BorderButton.swift */; };
/* End PBXBuildFile section */

/* Begin PBXFileReference section */
		3F15AEF0268C704D0090574D /* SkillVC.swift */ = {isa = PBXFileReference; lastKnownFileType = sourcecode.swift; path = SkillVC.swift; sourceTree = "<group>"; };
		3F15AEF3268C70A80090574D /* LeagueVC.swift */ = {isa = PBXFileReference; lastKnownFileType = sourcecode.swift; path = LeagueVC.swift; sourceTree = "<group>"; };
		3F15AEF6268C94F40090574D /* Player.swift */ = {isa = PBXFileReference; lastKnownFileType = sourcecode.swift; path = Player.swift; sourceTree = "<group>"; };
		3F4A1A51268C0FDA00286905 /* app-swoosh.app */ = {isa = PBXFileReference; explicitFileType = wrapper.application; includeInIndex = 0; path = "app-swoosh.app"; sourceTree = BUILT_PRODUCTS_DIR; };
		3F4A1A54268C0FDA00286905 /* AppDelegate.swift */ = {isa = PBXFileReference; lastKnownFileType = sourcecode.swift; path = AppDelegate.swift; sourceTree = "<group>"; };
		3F4A1A56268C0FDA00286905 /* SceneDelegate.swift */ = {isa = PBXFileReference; lastKnownFileType = sourcecode.swift; path = SceneDelegate.swift; sourceTree = "<group>"; };
		3F4A1A58268C0FDA00286905 /* welcomeVC.swift */ = {isa = PBXFileReference; lastKnownFileType = sourcecode.swift; path = welcomeVC.swift; sourceTree = "<group>"; };
		3F4A1A5B268C0FDA00286905 /* Base */ = {isa = PBXFileReference; lastKnownFileType = file.storyboard; name = Base; path = Base.lproj/Main.storyboard; sourceTree = "<group>"; };
		3F4A1A5D268C0FE400286905 /* Assets.xcassets */ = {isa = PBXFileReference; lastKnownFileType = folder.assetcatalog; path = Assets.xcassets; sourceTree = "<group>"; };
		3F4A1A60268C0FE400286905 /* Base */ = {isa = PBXFileReference; lastKnownFileType = file.storyboard; name = Base; path = Base.lproj/LaunchScreen.storyboard; sourceTree = "<group>"; };
		3F4A1A62268C0FE400286905 /* Info.plist */ = {isa = PBXFileReference; lastKnownFileType = text.plist.xml; path = Info.plist; sourceTree = "<group>"; };
		3F4A1A6B268C179300286905 /* BorderButton.swift */ = {isa = PBXFileReference; lastKnownFileType = sourcecode.swift; path = BorderButton.swift; sourceTree = "<group>"; };
/* End PBXFileReference section */

/* Begin PBXFrameworksBuildPhase section */
		3F4A1A4E268C0FDA00286905 /* Frameworks */ = {
			isa = PBXFrameworksBuildPhase;
			buildActionMask = 2147483647;
			files = (
			);
			runOnlyForDeploymentPostprocessing = 0;
		};
/* End PBXFrameworksBuildPhase section */

/* Begin PBXGroup section */
		3F4A1A48268C0FDA00286905 = {
			isa = PBXGroup;
			children = (
				3F4A1A53268C0FDA00286905 /* app-swoosh */,
				3F4A1A52268C0FDA00286905 /* Products */,
			);
			sourceTree = "<group>";
		};
		3F4A1A52268C0FDA00286905 /* Products */ = {
			isa = PBXGroup;
			children = (
				3F4A1A51268C0FDA00286905 /* app-swoosh.app */,
			);
			name = Products;
			sourceTree = "<group>";
		};
		3F4A1A53268C0FDA00286905 /* app-swoosh */ = {
			isa = PBXGroup;
			children = (
				3F94F8BA268C6CD900034C9F /* Model */,
				3F94F8B9268C6CD000034C9F /* Controller */,
				3F4A1A69268C171100286905 /* View */,
				3F4A1A54268C0FDA00286905 /* AppDelegate.swift */,
				3F4A1A56268C0FDA00286905 /* SceneDelegate.swift */,
				3F4A1A5A268C0FDA00286905 /* Main.storyboard */,
				3F4A1A5D268C0FE400286905 /* Assets.xcassets */,
				3F4A1A5F268C0FE400286905 /* LaunchScreen.storyboard */,
				3F4A1A62268C0FE400286905 /* Info.plist */,
			);
			path = "app-swoosh";
			sourceTree = "<group>";
		};
		3F4A1A69268C171100286905 /* View */ = {
			isa = PBXGroup;
			children = (
				3F4A1A6B268C179300286905 /* BorderButton.swift */,
			);
			path = View;
			sourceTree = "<group>";
		};
		3F94F8B9268C6CD000034C9F /* Controller */ = {
			isa = PBXGroup;
			children = (
				3F4A1A58268C0FDA00286905 /* welcomeVC.swift */,
				3F15AEF0268C704D0090574D /* SkillVC.swift */,
				3F15AEF3268C70A80090574D /* LeagueVC.swift */,
			);
			path = Controller;
			sourceTree = "<group>";
		};
		3F94F8BA268C6CD900034C9F /* Model */ = {
			isa = PBXGroup;
			children = (
				3F15AEF6268C94F40090574D /* Player.swift */,
			);
			path = Model;
			sourceTree = "<group>";
		};
/* End PBXGroup section */

/* Begin PBXNativeTarget section */
		3F4A1A50268C0FDA00286905 /* app-swoosh */ = {
			isa = PBXNativeTarget;
			buildConfigurationList = 3F4A1A65268C0FE400286905 /* Build configuration list for PBXNativeTarget "app-swoosh" */;
			buildPhases = (
				3F4A1A4D268C0FDA00286905 /* Sources */,
				3F4A1A4E268C0FDA00286905 /* Frameworks */,
				3F4A1A4F268C0FDA00286905 /* Resources */,
			);
			buildRules = (
			);
			dependencies = (
			);
			name = "app-swoosh";
			productName = "app-swoosh";
			productReference = 3F4A1A51268C0FDA00286905 /* app-swoosh.app */;
			productType = "com.apple.product-type.application";
		};
/* End PBXNativeTarget section */

/* Begin PBXProject section */
		3F4A1A49268C0FDA00286905 /* Project object */ = {
			isa = PBXProject;
			attributes = {
				LastSwiftUpdateCheck = 1240;
				LastUpgradeCheck = 1240;
				TargetAttributes = {
					3F4A1A50268C0FDA00286905 = {
						CreatedOnToolsVersion = 12.4;
					};
				};
			};
			buildConfigurationList = 3F4A1A4C268C0FDA00286905 /* Build configuration list for PBXProject "app-swoosh" */;
			compatibilityVersion = "Xcode 9.3";
			developmentRegion = en;
			hasScannedForEncodings = 0;
			knownRegions = (
				en,
				Base,
			);
			mainGroup = 3F4A1A48268C0FDA00286905;
			productRefGroup = 3F4A1A52268C0FDA00286905 /* Products */;
			projectDirPath = "";
			projectRoot = "";
			targets = (
				3F4A1A50268C0FDA00286905 /* app-swoosh */,
			);
		};
/* End PBXProject section */

/* Begin PBXResourcesBuildPhase section */
		3F4A1A4F268C0FDA00286905 /* Resources */ = {
			isa = PBXResourcesBuildPhase;
			buildActionMask = 2147483647;
			files = (
				3F4A1A61268C0FE400286905 /* LaunchScreen.storyboard in Resources */,
				3F4A1A5E268C0FE400286905 /* Assets.xcassets in Resources */,
				3F4A1A5C268C0FDA00286905 /* Main.storyboard in Resources */,
			);
			runOnlyForDeploymentPostprocessing = 0;
		};
/* End PBXResourcesBuildPhase section */

/* Begin PBXSourcesBuildPhase section */
		3F4A1A4D268C0FDA00286905 /* Sources */ = {
			isa = PBXSourcesBuildPhase;
			buildActionMask = 2147483647;
			files = (
				3F4A1A59268C0FDA00286905 /* welcomeVC.swift in Sources */,
				3F4A1A55268C0FDA00286905 /* AppDelegate.swift in Sources */,
				3F4A1A57268C0FDA00286905 /* SceneDelegate.swift in Sources */,
				3F15AEF1268C704D0090574D /* SkillVC.swift in Sources */,
				3F15AEF7268C94F40090574D /* Player.swift in Sources */,
				3F4A1A6C268C179300286905 /* BorderButton.swift in Sources */,
				3F15AEF4268C70A80090574D /* LeagueVC.swift in Sources */,
			);
			runOnlyForDeploymentPostprocessing = 0;
		};
/* End PBXSourcesBuildPhase section */

/* Begin PBXVariantGroup section */
		3F4A1A5A268C0FDA00286905 /* Main.storyboard */ = {
			isa = PBXVariantGroup;
			children = (
				3F4A1A5B268C0FDA00286905 /* Base */,
			);
			name = Main.storyboard;
			sourceTree = "<group>";
		};
		3F4A1A5F268C0FE400286905 /* LaunchScreen.storyboard */ = {
			isa = PBXVariantGroup;
			children = (
				3F4A1A60268C0FE400286905 /* Base */,
			);
			name = LaunchScreen.storyboard;
			sourceTree = "<group>";
		};
/* End PBXVariantGroup section */

/* Begin XCBuildConfiguration section */
		3F4A1A63268C0FE400286905 /* Debug */ = {
			isa = XCBuildConfiguration;
			buildSettings = {
				ALWAYS_SEARCH_USER_PATHS = NO;
				CLANG_ANALYZER_NONNULL = YES;
				CLANG_ANALYZER_NUMBER_OBJECT_CONVERSION = YES_AGGRESSIVE;
				CLANG_CXX_LANGUAGE_STANDARD = "gnu++14";
				CLANG_CXX_LIBRARY = "libc++";
				CLANG_ENABLE_MODULES = YES;
				CLANG_ENABLE_OBJC_ARC = YES;
				CLANG_ENABLE_OBJC_WEAK = YES;
				CLANG_WARN_BLOCK_CAPTURE_AUTORELEASING = YES;
				CLANG_WARN_BOOL_CONVERSION = YES;
				CLANG_WARN_COMMA = YES;
				CLANG_WARN_CONSTANT_CONVERSION = YES;
				CLANG_WARN_DEPRECATED_OBJC_IMPLEMENTATIONS = YES;
				CLANG_WARN_DIRECT_OBJC_ISA_USAGE = YES_ERROR;
				CLANG_WARN_DOCUMENTATION_COMMENTS = YES;
				CLANG_WARN_EMPTY_BODY = YES;
				CLANG_WARN_ENUM_CONVERSION = YES;
				CLANG_WARN_INFINITE_RECURSION = YES;
				CLANG_WARN_INT_CONVERSION = YES;
				CLANG_WARN_NON_LITERAL_NULL_CONVERSION = YES;
				CLANG_WARN_OBJC_IMPLICIT_RETAIN_SELF = YES;
				CLANG_WARN_OBJC_LITERAL_CONVERSION = YES;
				CLANG_WARN_OBJC_ROOT_CLASS = YES_ERROR;
				CLANG_WARN_QUOTED_INCLUDE_IN_FRAMEWORK_HEADER = YES;
				CLANG_WARN_RANGE_LOOP_ANALYSIS = YES;
				CLANG_WARN_STRICT_PROTOTYPES = YES;
				CLANG_WARN_SUSPICIOUS_MOVE = YES;
				CLANG_WARN_UNGUARDED_AVAILABILITY = YES_AGGRESSIVE;
				CLANG_WARN_UNREACHABLE_CODE = YES;
				CLANG_WARN__DUPLICATE_METHOD_MATCH = YES;
				COPY_PHASE_STRIP = NO;
				DEBUG_INFORMATION_FORMAT = dwarf;
				ENABLE_STRICT_OBJC_MSGSEND = YES;
				ENABLE_TESTABILITY = YES;
				GCC_C_LANGUAGE_STANDARD = gnu11;
				GCC_DYNAMIC_NO_PIC = NO;
				GCC_NO_COMMON_BLOCKS = YES;
				GCC_OPTIMIZATION_LEVEL = 0;
				GCC_PREPROCESSOR_DEFINITIONS = (
					"DEBUG=1",
					"$(inherited)",
				);
				GCC_WARN_64_TO_32_BIT_CONVERSION = YES;
				GCC_WARN_ABOUT_RETURN_TYPE = YES_ERROR;
				GCC_WARN_UNDECLARED_SELECTOR = YES;
				GCC_WARN_UNINITIALIZED_AUTOS = YES_AGGRESSIVE;
				GCC_WARN_UNUSED_FUNCTION = YES;
				GCC_WARN_UNUSED_VARIABLE = YES;
				IPHONEOS_DEPLOYMENT_TARGET = 14.4;
				MTL_ENABLE_DEBUG_INFO = INCLUDE_SOURCE;
				MTL_FAST_MATH = YES;
				ONLY_ACTIVE_ARCH = YES;
				SDKROOT = iphoneos;
				SWIFT_ACTIVE_COMPILATION_CONDITIONS = DEBUG;
				SWIFT_OPTIMIZATION_LEVEL = "-Onone";
			};
			name = Debug;
		};
		3F4A1A64268C0FE400286905 /* Release */ = {
			isa = XCBuildConfiguration;
			buildSettings = {
				ALWAYS_SEARCH_USER_PATHS = NO;
				CLANG_ANALYZER_NONNULL = YES;
				CLANG_ANALYZER_NUMBER_OBJECT_CONVERSION = YES_AGGRESSIVE;
				CLANG_CXX_LANGUAGE_STANDARD = "gnu++14";
				CLANG_CXX_LIBRARY = "libc++";
				CLANG_ENABLE_MODULES = YES;
				CLANG_ENABLE_OBJC_ARC = YES;
				CLANG_ENABLE_OBJC_WEAK = YES;
				CLANG_WARN_BLOCK_CAPTURE_AUTORELEASING = YES;
				CLANG_WARN_BOOL_CONVERSION = YES;
				CLANG_WARN_COMMA = YES;
				CLANG_WARN_CONSTANT_CONVERSION = YES;
				CLANG_WARN_DEPRECATED_OBJC_IMPLEMENTATIONS = YES;
				CLANG_WARN_DIRECT_OBJC_ISA_USAGE = YES_ERROR;
				CLANG_WARN_DOCUMENTATION_COMMENTS = YES;
				CLANG_WARN_EMPTY_BODY = YES;
				CLANG_WARN_ENUM_CONVERSION = YES;
				CLANG_WARN_INFINITE_RECURSION = YES;
				CLANG_WARN_INT_CONVERSION = YES;
				CLANG_WARN_NON_LITERAL_NULL_CONVERSION = YES;
				CLANG_WARN_OBJC_IMPLICIT_RETAIN_SELF = YES;
				CLANG_WARN_OBJC_LITERAL_CONVERSION = YES;
				CLANG_WARN_OBJC_ROOT_CLASS = YES_ERROR;
				CLANG_WARN_QUOTED_INCLUDE_IN_FRAMEWORK_HEADER = YES;
				CLANG_WARN_RANGE_LOOP_ANALYSIS = YES;
				CLANG_WARN_STRICT_PROTOTYPES = YES;
				CLANG_WARN_SUSPICIOUS_MOVE = YES;
				CLANG_WARN_UNGUARDED_AVAILABILITY = YES_AGGRESSIVE;
				CLANG_WARN_UNREACHABLE_CODE = YES;
				CLANG_WARN__DUPLICATE_METHOD_MATCH = YES;
				COPY_PHASE_STRIP = NO;
				DEBUG_INFORMATION_FORMAT = "dwarf-with-dsym";
				ENABLE_NS_ASSERTIONS = NO;
				ENABLE_STRICT_OBJC_MSGSEND = YES;
				GCC_C_LANGUAGE_STANDARD = gnu11;
				GCC_NO_COMMON_BLOCKS = YES;
				GCC_WARN_64_TO_32_BIT_CONVERSION = YES;
				GCC_WARN_ABOUT_RETURN_TYPE = YES_ERROR;
				GCC_WARN_UNDECLARED_SELECTOR = YES;
				GCC_WARN_UNINITIALIZED_AUTOS = YES_AGGRESSIVE;
				GCC_WARN_UNUSED_FUNCTION = YES;
				GCC_WARN_UNUSED_VARIABLE = YES;
				IPHONEOS_DEPLOYMENT_TARGET = 14.4;
				MTL_ENABLE_DEBUG_INFO = NO;
				MTL_FAST_MATH = YES;
				SDKROOT = iphoneos;
				SWIFT_COMPILATION_MODE = wholemodule;
				SWIFT_OPTIMIZATION_LEVEL = "-O";
				VALIDATE_PRODUCT = YES;
			};
			name = Release;
		};
		3F4A1A66268C0FE400286905 /* Debug */ = {
			isa = XCBuildConfiguration;
			buildSettings = {
				ASSETCATALOG_COMPILER_APPICON_NAME = AppIcon;
				ASSETCATALOG_COMPILER_GLOBAL_ACCENT_COLOR_NAME = AccentColor;
				CODE_SIGN_STYLE = Automatic;
				INFOPLIST_FILE = "app-swoosh/Info.plist";
				LD_RUNPATH_SEARCH_PATHS = (
					"$(inherited)",
					"@executable_path/Frameworks",
				);
				PRODUCT_BUNDLE_IDENTIFIER = "com.example.app-swoosh";
				PRODUCT_NAME = "$(TARGET_NAME)";
				SWIFT_VERSION = 5.0;
				TARGETED_DEVICE_FAMILY = "1,2";
			};
			name = Debug;
		};
		3F4A1A67268C0FE400286905 /* Release */ = {
			isa = XCBuildConfiguration;
			buildSettings = {
				ASSETCATALOG_COMPILER_APPICON_NAME = AppIcon;
				ASSETCATALOG_COMPILER_GLOBAL_ACCENT_COLOR_NAME = AccentColor;
				CODE_SIGN_STYLE = Automatic;
				INFOPLIST_FILE = "app-swoosh/Info.plist";
				LD_RUNPATH_SEARCH_PATHS = (
					"$(inherited)",
					"@executable_path/Frameworks",
				);
				PRODUCT_BUNDLE_IDENTIFIER = "com.example.app-swoosh";
				PRODUCT_NAME = "$(TARGET_NAME)";
				SWIFT_VERSION = 5.0;
				TARGETED_DEVICE_FAMILY = "1,2";
			};
			name = Release;
		};
/* End XCBuildConfiguration section */

/* Begin XCConfigurationList section */
		3F4A1A4C268C0FDA00286905 /* Build configuration list for PBXProject "app-swoosh" */ = {
			isa = XCConfigurationList;
			buildConfigurations = (
				3F4A1A63268C0FE400286905 /* Debug */,
				3F4A1A64268C0FE400286905 /* Release */,
			);
			defaultConfigurationIsVisible = 0;
			defaultConfigurationName = Release;
		};
		3F4A1A65268C0FE400286905 /* Build configuration list for PBXNativeTarget "app-swoosh" */ = {
			isa = XCConfigurationList;
			buildConfigurations = (
				3F4A1A66268C0FE400286905 /* Debug */,
				3F4A1A67268C0FE400286905 /* Release */,
			);
			defaultConfigurationIsVisible = 0;
			defaultConfigurationName = Release;
		};
/* End XCConfigurationList section */
	};
	rootObject = 3F4A1A49268C0FDA00286905 /* Project object */;
}
